
Microsoft Visual Studio Solution File, Format Version 12.00
# Visual Studio Version 16
VisualStudioVersion = 16.0.30128.74
MinimumVisualStudioVersion = 10.0.40219.1
Project("{FAE04EC0-301F-11D3-BF4B-00C04F79EFBC}") = "WebAPITest", "WebAPITest\WebAPITest.csproj", "{67C7C48F-00A3-463E-BABE-FED76680E056}"
EndProject
Global
	GlobalSection(SolutionConfigurationPlatforms) = preSolution
		Debug|Any CPU = Debug|Any CPU
		Release|Any CPU = Release|Any CPU
	EndGlobalSection
	GlobalSection(ProjectConfigurationPlatforms) = postSolution
		{67C7C48F-00A3-463E-BABE-FED76680E056}.Debug|Any CPU.ActiveCfg = Debug|Any CPU
		{67C7C48F-00A3-463E-BABE-FED76680E056}.Debug|Any CPU.Build.0 = Debug|Any CPU
		{67C7C48F-00A3-463E-BABE-FED76680E056}.Release|Any CPU.ActiveCfg = Release|Any CPU
		{67C7C48F-00A3-463E-BABE-FED76680E056}.Release|Any CPU.Build.0 = Release|Any CPU
	EndGlobalSection
	GlobalSection(SolutionProperties) = preSolution
		HideSolutionNode = FALSE
	EndGlobalSection
	GlobalSection(ExtensibilityGlobals) = postSolution
		SolutionGuid = {E6BB734D-D0D5-48A5-BD13-C9AE956F5701}
	EndGlobalSection
EndGlobal
